
Microsoft Visual Studio Solution File, Format Version 12.00
# Visual Studio 15
VisualStudioVersion = 15.0.28307.329
MinimumVisualStudioVersion = 10.0.40219.1
Project("{FAE04EC0-301F-11D3-BF4B-00C04F79EFBC}") = "ConsoleApp1", "ConsoleApp1\ConsoleApp1.csproj", "{7A97E35F-AFF8-4FC6-AAC0-B8598A73ED2E}"
EndProject
Project("{FAE04EC0-301F-11D3-BF4B-00C04F79EFBC}") = "ConsoleApp2", "..\ConsoleApp2\ConsoleApp2.csproj", "{95CD5863-77BE-4AB6-9CFD-86E35A3D4E69}"
EndProject
Global
	GlobalSection(SolutionConfigurationPlatforms) = preSolution
		Debug|Any CPU = Debug|Any CPU
		Release|Any CPU = Release|Any CPU
	EndGlobalSection
	GlobalSection(ProjectConfigurationPlatforms) = postSolution
		{7A97E35F-AFF8-4FC6-AAC0-B8598A73ED2E}.Debug|Any CPU.ActiveCfg = Debug|Any CPU
		{7A97E35F-AFF8-4FC6-AAC0-B8598A73ED2E}.Debug|Any CPU.Build.0 = Debug|Any CPU
		{7A97E35F-AFF8-4FC6-AAC0-B8598A73ED2E}.Release|Any CPU.ActiveCfg = Release|Any CPU
		{7A97E35F-AFF8-4FC6-AAC0-B8598A73ED2E}.Release|Any CPU.Build.0 = Release|Any CPU
		{95CD5863-77BE-4AB6-9CFD-86E35A3D4E69}.Debug|Any CPU.ActiveCfg = Debug|Any CPU
		{95CD5863-77BE-4AB6-9CFD-86E35A3D4E69}.Debug|Any CPU.Build.0 = Debug|Any CPU
		{95CD5863-77BE-4AB6-9CFD-86E35A3D4E69}.Release|Any CPU.ActiveCfg = Release|Any CPU
		{95CD5863-77BE-4AB6-9CFD-86E35A3D4E69}.Release|Any CPU.Build.0 = Release|Any CPU
	EndGlobalSection
	GlobalSection(SolutionProperties) = preSolution
		HideSolutionNode = FALSE
	EndGlobalSection
	GlobalSection(ExtensibilityGlobals) = postSolution
		SolutionGuid = {F39EFB48-A145-42E0-B078-247403AEBC7A}
	EndGlobalSection
EndGlobal
